# This file is automatically @generated by Cargo.
# It is not intended for manual editing.
version = 4

[[package]]
name = "lattice-cli"
version = "0.1.0"
dependencies = [
 "lattice-compiler",
 "lattice-domain-grid2d",
 "lattice-domain-particle",
 "lattice-ir",
 "lattice-observe",
 "lattice-runtime",
 "lattice-syntax",
 "lattice-units",
 "lattice-validation",
]

[[package]]
name = "lattice-compiler"
version = "0.1.0"
dependencies = [
 "lattice-domain-grid2d",
 "lattice-domain-particle",
 "lattice-ir",
 "lattice-runtime",
 "lattice-syntax",
 "lattice-units",
]

[[package]]
name = "lattice-domain-grid2d"
version = "0.1.0"
dependencies = [
 "lattice-ir",
 "lattice-units",
]

[[package]]
name = "lattice-domain-particle"
version = "0.1.0"
dependencies = [
 "lattice-ir",
 "lattice-units",
]

[[package]]
name = "lattice-ir"
version = "0.1.0"
dependencies = [
 "lattice-units",
]

[[package]]
name = "lattice-observe"
version = "0.1.0"
dependencies = [
 "lattice-ir",
]

[[package]]
name = "lattice-runtime"
version = "0.1.0"
dependencies = [
 "lattice-ir",
 "lattice-observe",
]

[[package]]
name = "lattice-syntax"
version = "0.1.0"
dependencies = [
 "lattice-units",
]

[[package]]
name = "lattice-units"
version = "0.1.0"

[[package]]
name = "lattice-validation"
version = "0.1.0"
dependencies = [
 "lattice-domain-grid2d",
 "lattice-domain-particle",
 "lattice-ir",
 "lattice-observe",
]
